// !$*UTF8*$!
{
	archiveVersion = 1;
	classes = {
	};
	objectVersion = 46;
	objects = {

/* Begin PBXBuildFile section */
		6EAE14371B7E3332001289AC /* AppDelegate.swift in Sources */ = {isa = PBXBuildFile; fileRef = 6EAE14361B7E3332001289AC /* AppDelegate.swift */; };
		6EAE14391B7E3332001289AC /* ViewController.swift in Sources */ = {isa = PBXBuildFile; fileRef = 6EAE14381B7E3332001289AC /* ViewController.swift */; };
		6EAE143C1B7E3332001289AC /* Main.storyboard in Resources */ = {isa = PBXBuildFile; fileRef = 6EAE143A1B7E3332001289AC /* Main.storyboard */; };
		6EAE143E1B7E3332001289AC /* Images.xcassets in Resources */ = {isa = PBXBuildFile; fileRef = 6EAE143D1B7E3332001289AC /* Images.xcassets */; };
		6EAE14411B7E3332001289AC /* LaunchScreen.xib in Resources */ = {isa = PBXBuildFile; fileRef = 6EAE143F1B7E3332001289AC /* LaunchScreen.xib */; };
		6EAE144D1B7E3332001289AC /* ProgressImageViewExampleTests.swift in Sources */ = {isa = PBXBuildFile; fileRef = 6EAE144C1B7E3332001289AC /* ProgressImageViewExampleTests.swift */; };
		6EAE145B1B7E3BA0001289AC /* Delay.swift in Sources */ = {isa = PBXBuildFile; fileRef = 6EAE145A1B7E3BA0001289AC /* Delay.swift */; };
		6EF2E2C61B836D9800F3DE5B /* ProgressImageView.swift in Sources */ = {isa = PBXBuildFile; fileRef = 6EF2E2C51B836D9800F3DE5B /* ProgressImageView.swift */; };
/* End PBXBuildFile section */

/* Begin PBXContainerItemProxy section */
		6EAE14471B7E3332001289AC /* PBXContainerItemProxy */ = {
			isa = PBXContainerItemProxy;
			containerPortal = 6EAE14291B7E3332001289AC /* Project object */;
			proxyType = 1;
			remoteGlobalIDString = 6EAE14301B7E3332001289AC;
			remoteInfo = ProgressImageViewExample;
		};
/* End PBXContainerItemProxy section */

/* Begin PBXFileReference section */
		6EAE14311B7E3332001289AC /* ProgressImageViewExample.app */ = {isa = PBXFileReference; explicitFileType = wrapper.application; includeInIndex = 0; path = ProgressImageViewExample.app; sourceTree = BUILT_PRODUCTS_DIR; };
		6EAE14351B7E3332001289AC /* Info.plist */ = {isa = PBXFileReference; lastKnownFileType = text.plist.xml; path = Info.plist; sourceTree = "<group>"; };
		6EAE14361B7E3332001289AC /* AppDelegate.swift */ = {isa = PBXFileReference; lastKnownFileType = sourcecode.swift; path = AppDelegate.swift; sourceTree = "<group>"; };
		6EAE14381B7E3332001289AC /* ViewController.swift */ = {isa = PBXFileReference; lastKnownFileType = sourcecode.swift; path = ViewController.swift; sourceTree = "<group>"; };
		6EAE143B1B7E3332001289AC /* Base */ = {isa = PBXFileReference; lastKnownFileType = file.storyboard; name = Base; path = Base.lproj/Main.storyboard; sourceTree = "<group>"; };
		6EAE143D1B7E3332001289AC /* Images.xcassets */ = {isa = PBXFileReference; lastKnownFileType = folder.assetcatalog; path = Images.xcassets; sourceTree = "<group>"; };
		6EAE14401B7E3332001289AC /* Base */ = {isa = PBXFileReference; lastKnownFileType = file.xib; name = Base; path = Base.lproj/LaunchScreen.xib; sourceTree = "<group>"; };
		6EAE14461B7E3332001289AC /* ProgressImageViewExampleTests.xctest */ = {isa = PBXFileReference; explicitFileType = wrapper.cfbundle; includeInIndex = 0; path = ProgressImageViewExampleTests.xctest; sourceTree = BUILT_PRODUCTS_DIR; };
		6EAE144B1B7E3332001289AC /* Info.plist */ = {isa = PBXFileReference; lastKnownFileType = text.plist.xml; path = Info.plist; sourceTree = "<group>"; };
		6EAE144C1B7E3332001289AC /* ProgressImageViewExampleTests.swift */ = {isa = PBXFileReference; lastKnownFileType = sourcecode.swift; path = ProgressImageViewExampleTests.swift; sourceTree = "<group>"; };
		6EAE145A1B7E3BA0001289AC /* Delay.swift */ = {isa = PBXFileReference; fileEncoding = 4; lastKnownFileType = sourcecode.swift; path = Delay.swift; sourceTree = "<group>"; };
		6EF2E2C51B836D9800F3DE5B /* ProgressImageView.swift */ = {isa = PBXFileReference; fileEncoding = 4; lastKnownFileType = sourcecode.swift; path = ProgressImageView.swift; sourceTree = "<group>"; };
/* End PBXFileReference section */

/* Begin PBXFrameworksBuildPhase section */
		6EAE142E1B7E3332001289AC /* Frameworks */ = {
			isa = PBXFrameworksBuildPhase;
			buildActionMask = 2147483647;
			files = (
			);
			runOnlyForDeploymentPostprocessing = 0;
		};
		6EAE14431B7E3332001289AC /* Frameworks */ = {
			isa = PBXFrameworksBuildPhase;
			buildActionMask = 2147483647;
			files = (
			);
			runOnlyForDeploymentPostprocessing = 0;
		};
/* End PBXFrameworksBuildPhase section */

/* Begin PBXGroup section */
		6EAE14281B7E3332001289AC = {
			isa = PBXGroup;
			children = (
				6EAE14331B7E3332001289AC /* ProgressImageViewExample */,
				6EAE14491B7E3332001289AC /* ProgressImageViewExampleTests */,
				6EAE14321B7E3332001289AC /* Products */,
			);
			sourceTree = "<group>";
		};
		6EAE14321B7E3332001289AC /* Products */ = {
			isa = PBXGroup;
			children = (
				6EAE14311B7E3332001289AC /* ProgressImageViewExample.app */,
				6EAE14461B7E3332001289AC /* ProgressImageViewExampleTests.xctest */,
			);
			name = Products;
			sourceTree = "<group>";
		};
		6EAE14331B7E3332001289AC /* ProgressImageViewExample */ = {
			isa = PBXGroup;
			children = (
				6EAE14361B7E3332001289AC /* AppDelegate.swift */,
				6EAE14381B7E3332001289AC /* ViewController.swift */,
				6EAE143A1B7E3332001289AC /* Main.storyboard */,
				6EAE143D1B7E3332001289AC /* Images.xcassets */,
				6EAE143F1B7E3332001289AC /* LaunchScreen.xib */,
				6EAE145A1B7E3BA0001289AC /* Delay.swift */,
				6EF2E2C41B836D9800F3DE5B /* ProgressImageView */,
				6EAE14341B7E3332001289AC /* Supporting Files */,
			);
			path = ProgressImageViewExample;
			sourceTree = "<group>";
		};
		6EAE14341B7E3332001289AC /* Supporting Files */ = {
			isa = PBXGroup;
			children = (
				6EAE14351B7E3332001289AC /* Info.plist */,
			);
			name = "Supporting Files";
			sourceTree = "<group>";
		};
		6EAE14491B7E3332001289AC /* ProgressImageViewExampleTests */ = {
			isa = PBXGroup;
			children = (
				6EAE144C1B7E3332001289AC /* ProgressImageViewExampleTests.swift */,
				6EAE144A1B7E3332001289AC /* Supporting Files */,
			);
			path = ProgressImageViewExampleTests;
			sourceTree = "<group>";
		};
		6EAE144A1B7E3332001289AC /* Supporting Files */ = {
			isa = PBXGroup;
			children = (
				6EAE144B1B7E3332001289AC /* Info.plist */,
			);
			name = "Supporting Files";
			sourceTree = "<group>";
		};
		6EF2E2C41B836D9800F3DE5B /* ProgressImageView */ = {
			isa = PBXGroup;
			children = (
				6EF2E2C51B836D9800F3DE5B /* ProgressImageView.swift */,
			);
			name = ProgressImageView;
			path = ../../ProgressImageView;
			sourceTree = "<group>";
		};
/* End PBXGroup section */

/* Begin PBXNativeTarget section */
		6EAE14301B7E3332001289AC /* ProgressImageViewExample */ = {
			isa = PBXNativeTarget;
			buildConfigurationList = 6EAE14501B7E3332001289AC /* Build configuration list for PBXNativeTarget "ProgressImageViewExample" */;
			buildPhases = (
				6EAE142D1B7E3332001289AC /* Sources */,
				6EAE142E1B7E3332001289AC /* Frameworks */,
				6EAE142F1B7E3332001289AC /* Resources */,
			);
			buildRules = (
			);
			dependencies = (
			);
			name = ProgressImageViewExample;
			productName = ProgressImageViewExample;
			productReference = 6EAE14311B7E3332001289AC /* ProgressImageViewExample.app */;
			productType = "com.apple.product-type.application";
		};
		6EAE14451B7E3332001289AC /* ProgressImageViewExampleTests */ = {
			isa = PBXNativeTarget;
			buildConfigurationList = 6EAE14531B7E3332001289AC /* Build configuration list for PBXNativeTarget "ProgressImageViewExampleTests" */;
			buildPhases = (
				6EAE14421B7E3332001289AC /* Sources */,
				6EAE14431B7E3332001289AC /* Frameworks */,
				6EAE14441B7E3332001289AC /* Resources */,
			);
			buildRules = (
			);
			dependencies = (
				6EAE14481B7E3332001289AC /* PBXTargetDependency */,
			);
			name = ProgressImageViewExampleTests;
			productName = ProgressImageViewExampleTests;
			productReference = 6EAE14461B7E3332001289AC /* ProgressImageViewExampleTests.xctest */;
			productType = "com.apple.product-type.bundle.unit-test";
		};
/* End PBXNativeTarget section */

/* Begin PBXProject section */
		6EAE14291B7E3332001289AC /* Project object */ = {
			isa = PBXProject;
			attributes = {
				LastUpgradeCheck = 0630;
				ORGANIZATIONNAME = SQOR;
				TargetAttributes = {
					6EAE14301B7E3332001289AC = {
						CreatedOnToolsVersion = 6.3.2;
					};
					6EAE14451B7E3332001289AC = {
						CreatedOnToolsVersion = 6.3.2;
						TestTargetID = 6EAE14301B7E3332001289AC;
					};
				};
			};
			buildConfigurationList = 6EAE142C1B7E3332001289AC /* Build configuration list for PBXProject "ProgressImageViewExample" */;
			compatibilityVersion = "Xcode 3.2";
			developmentRegion = English;
			hasScannedForEncodings = 0;
			knownRegions = (
				en,
				Base,
			);
			mainGroup = 6EAE14281B7E3332001289AC;
			productRefGroup = 6EAE14321B7E3332001289AC /* Products */;
			projectDirPath = "";
			projectRoot = "";
			targets = (
				6EAE14301B7E3332001289AC /* ProgressImageViewExample */,
				6EAE14451B7E3332001289AC /* ProgressImageViewExampleTests */,
			);
		};
/* End PBXProject section */

/* Begin PBXResourcesBuildPhase section */
		6EAE142F1B7E3332001289AC /* Resources */ = {
			isa = PBXResourcesBuildPhase;
			buildActionMask = 2147483647;
			files = (
				6EAE143C1B7E3332001289AC /* Main.storyboard in Resources */,
				6EAE14411B7E3332001289AC /* LaunchScreen.xib in Resources */,
				6EAE143E1B7E3332001289AC /* Images.xcassets in Resources */,
			);
			runOnlyForDeploymentPostprocessing = 0;
		};
		6EAE14441B7E3332001289AC /* Resources */ = {
			isa = PBXResourcesBuildPhase;
			buildActionMask = 2147483647;
			files = (
			);
			runOnlyForDeploymentPostprocessing = 0;
		};
/* End PBXResourcesBuildPhase section */

/* Begin PBXSourcesBuildPhase section */
		6EAE142D1B7E3332001289AC /* Sources */ = {
			isa = PBXSourcesBuildPhase;
			buildActionMask = 2147483647;
			files = (
				6EAE14391B7E3332001289AC /* ViewController.swift in Sources */,
				6EF2E2C61B836D9800F3DE5B /* ProgressImageView.swift in Sources */,
				6EAE145B1B7E3BA0001289AC /* Delay.swift in Sources */,
				6EAE14371B7E3332001289AC /* AppDelegate.swift in Sources */,
			);
			runOnlyForDeploymentPostprocessing = 0;
		};
		6EAE14421B7E3332001289AC /* Sources */ = {
			isa = PBXSourcesBuildPhase;
			buildActionMask = 2147483647;
			files = (
				6EAE144D1B7E3332001289AC /* ProgressImageViewExampleTests.swift in Sources */,
			);
			runOnlyForDeploymentPostprocessing = 0;
		};
/* End PBXSourcesBuildPhase section */

/* Begin PBXTargetDependency section */
		6EAE14481B7E3332001289AC /* PBXTargetDependency */ = {
			isa = PBXTargetDependency;
			target = 6EAE14301B7E3332001289AC /* ProgressImageViewExample */;
			targetProxy = 6EAE14471B7E3332001289AC /* PBXContainerItemProxy */;
		};
/* End PBXTargetDependency section */

/* Begin PBXVariantGroup section */
		6EAE143A1B7E3332001289AC /* Main.storyboard */ = {
			isa = PBXVariantGroup;
			children = (
				6EAE143B1B7E3332001289AC /* Base */,
			);
			name = Main.storyboard;
			sourceTree = "<group>";
		};
		6EAE143F1B7E3332001289AC /* LaunchScreen.xib */ = {
			isa = PBXVariantGroup;
			children = (
				6EAE14401B7E3332001289AC /* Base */,
			);
			name = LaunchScreen.xib;
			sourceTree = "<group>";
		};
/* End PBXVariantGroup section */

/* Begin XCBuildConfiguration section */
		6EAE144E1B7E3332001289AC /* Debug */ = {
			isa = XCBuildConfiguration;
			buildSettings = {
				ALWAYS_SEARCH_USER_PATHS = NO;
				CLANG_CXX_LANGUAGE_STANDARD = "gnu++0x";
				CLANG_CXX_LIBRARY = "libc++";
				CLANG_ENABLE_MODULES = YES;
				CLANG_ENABLE_OBJC_ARC = YES;
				CLANG_WARN_BOOL_CONVERSION = YES;
				CLANG_WARN_CONSTANT_CONVERSION = YES;
				CLANG_WARN_DIRECT_OBJC_ISA_USAGE = YES_ERROR;
				CLANG_WARN_EMPTY_BODY = YES;
				CLANG_WARN_ENUM_CONVERSION = YES;
				CLANG_WARN_INT_CONVERSION = YES;
				CLANG_WARN_OBJC_ROOT_CLASS = YES_ERROR;
				CLANG_WARN_UNREACHABLE_CODE = YES;
				CLANG_WARN__DUPLICATE_METHOD_MATCH = YES;
				"CODE_SIGN_IDENTITY[sdk=iphoneos*]" = "iPhone Developer";
				COPY_PHASE_STRIP = NO;
				DEBUG_INFORMATION_FORMAT = "dwarf-with-dsym";
				ENABLE_STRICT_OBJC_MSGSEND = YES;
				GCC_C_LANGUAGE_STANDARD = gnu99;
				GCC_DYNAMIC_NO_PIC = NO;
				GCC_NO_COMMON_BLOCKS = YES;
				GCC_OPTIMIZATION_LEVEL = 0;
				GCC_PREPROCESSOR_DEFINITIONS = (
					"DEBUG=1",
					"$(inherited)",
				);
				GCC_SYMBOLS_PRIVATE_EXTERN = NO;
				GCC_WARN_64_TO_32_BIT_CONVERSION = YES;
				GCC_WARN_ABOUT_RETURN_TYPE = YES_ERROR;
				GCC_WARN_UNDECLARED_SELECTOR = YES;
				GCC_WARN_UNINITIALIZED_AUTOS = YES_AGGRESSIVE;
				GCC_WARN_UNUSED_FUNCTION = YES;
				GCC_WARN_UNUSED_VARIABLE = YES;
				IPHONEOS_DEPLOYMENT_TARGET = 8.3;
				MTL_ENABLE_DEBUG_INFO = YES;
				ONLY_ACTIVE_ARCH = YES;
				SDKROOT = iphoneos;
				SWIFT_OPTIMIZATION_LEVEL = "-Onone";
				TARGETED_DEVICE_FAMILY = "1,2";
			};
			name = Debug;
		};
		6EAE144F1B7E3332001289AC /* Release */ = {
			isa = XCBuildConfiguration;
			buildSettings = {
				ALWAYS_SEARCH_USER_PATHS = NO;
				CLANG_CXX_LANGUAGE_STANDARD = "gnu++0x";
				CLANG_CXX_LIBRARY = "libc++";
				CLANG_ENABLE_MODULES = YES;
				CLANG_ENABLE_OBJC_ARC = YES;
				CLANG_WARN_BOOL_CONVERSION = YES;
				CLANG_WARN_CONSTANT_CONVERSION = YES;
				CLANG_WARN_DIRECT_OBJC_ISA_USAGE = YES_ERROR;
				CLANG_WARN_EMPTY_BODY = YES;
				CLANG_WARN_ENUM_CONVERSION = YES;
				CLANG_WARN_INT_CONVERSION = YES;
				CLANG_WARN_OBJC_ROOT_CLASS = YES_ERROR;
				CLANG_WARN_UNREACHABLE_CODE = YES;
				CLANG_WARN__DUPLICATE_METHOD_MATCH = YES;
				"CODE_SIGN_IDENTITY[sdk=iphoneos*]" = "iPhone Developer";
				COPY_PHASE_STRIP = NO;
				DEBUG_INFORMATION_FORMAT = "dwarf-with-dsym";
				ENABLE_NS_ASSERTIONS = NO;
				ENABLE_STRICT_OBJC_MSGSEND = YES;
				GCC_C_LANGUAGE_STANDARD = gnu99;
				GCC_NO_COMMON_BLOCKS = YES;
				GCC_WARN_64_TO_32_BIT_CONVERSION = YES;
				GCC_WARN_ABOUT_RETURN_TYPE = YES_ERROR;
				GCC_WARN_UNDECLARED_SELECTOR = YES;
				GCC_WARN_UNINITIALIZED_AUTOS = YES_AGGRESSIVE;
				GCC_WARN_UNUSED_FUNCTION = YES;
				GCC_WARN_UNUSED_VARIABLE = YES;
				IPHONEOS_DEPLOYMENT_TARGET = 8.3;
				MTL_ENABLE_DEBUG_INFO = NO;
				SDKROOT = iphoneos;
				TARGETED_DEVICE_FAMILY = "1,2";
				VALIDATE_PRODUCT = YES;
			};
			name = Release;
		};
		6EAE14511B7E3332001289AC /* Debug */ = {
			isa = XCBuildConfiguration;
			buildSettings = {
				ASSETCATALOG_COMPILER_APPICON_NAME = AppIcon;
				INFOPLIST_FILE = ProgressImageViewExample/Info.plist;
				LD_RUNPATH_SEARCH_PATHS = "$(inherited) @executable_path/Frameworks";
				PRODUCT_NAME = "$(TARGET_NAME)";
			};
			name = Debug;
		};
		6EAE14521B7E3332001289AC /* Release */ = {
			isa = XCBuildConfiguration;
			buildSettings = {
				ASSETCATALOG_COMPILER_APPICON_NAME = AppIcon;
				INFOPLIST_FILE = ProgressImageViewExample/Info.plist;
				LD_RUNPATH_SEARCH_PATHS = "$(inherited) @executable_path/Frameworks";
				PRODUCT_NAME = "$(TARGET_NAME)";
			};
			name = Release;
		};
		6EAE14541B7E3332001289AC /* Debug */ = {
			isa = XCBuildConfiguration;
			buildSettings = {
				BUNDLE_LOADER = "$(TEST_HOST)";
				FRAMEWORK_SEARCH_PATHS = (
					"$(SDKROOT)/Developer/Library/Frameworks",
					"$(inherited)",
				);
				GCC_PREPROCESSOR_DEFINITIONS = (
					"DEBUG=1",
					"$(inherited)",
				);
				INFOPLIST_FILE = ProgressImageViewExampleTests/Info.plist;
				LD_RUNPATH_SEARCH_PATHS = "$(inherited) @executable_path/Frameworks @loader_path/Frameworks";
				PRODUCT_NAME = "$(TARGET_NAME)";
				TEST_HOST = "$(BUILT_PRODUCTS_DIR)/ProgressImageViewExample.app/ProgressImageViewExample";
			};
			name = Debug;
		};
		6EAE14551B7E3332001289AC /* Release */ = {
			isa = XCBuildConfiguration;
			buildSettings = {
				BUNDLE_LOADER = "$(TEST_HOST)";
				FRAMEWORK_SEARCH_PATHS = (
					"$(SDKROOT)/Developer/Library/Frameworks",
					"$(inherited)",
				);
				INFOPLIST_FILE = ProgressImageViewExampleTests/Info.plist;
				LD_RUNPATH_SEARCH_PATHS = "$(inherited) @executable_path/Frameworks @loader_path/Frameworks";
				PRODUCT_NAME = "$(TARGET_NAME)";
				TEST_HOST = "$(BUILT_PRODUCTS_DIR)/ProgressImageViewExample.app/ProgressImageViewExample";
			};
			name = Release;
		};
/* End XCBuildConfiguration section */

/* Begin XCConfigurationList section */
		6EAE142C1B7E3332001289AC /* Build configuration list for PBXProject "ProgressImageViewExample" */ = {
			isa = XCConfigurationList;
			buildConfigurations = (
				6EAE144E1B7E3332001289AC /* Debug */,
				6EAE144F1B7E3332001289AC /* Release */,
			);
			defaultConfigurationIsVisible = 0;
			defaultConfigurationName = Release;
		};
		6EAE14501B7E3332001289AC /* Build configuration list for PBXNativeTarget "ProgressImageViewExample" */ = {
			isa = XCConfigurationList;
			buildConfigurations = (
				6EAE14511B7E3332001289AC /* Debug */,
				6EAE14521B7E3332001289AC /* Release */,
			);
			defaultConfigurationIsVisible = 0;
			defaultConfigurationName = Release;
		};
		6EAE14531B7E3332001289AC /* Build configuration list for PBXNativeTarget "ProgressImageViewExampleTests" */ = {
			isa = XCConfigurationList;
			buildConfigurations = (
				6EAE14541B7E3332001289AC /* Debug */,
				6EAE14551B7E3332001289AC /* Release */,
			);
			defaultConfigurationIsVisible = 0;
			defaultConfigurationName = Release;
		};
/* End XCConfigurationList section */
	};
	rootObject = 6EAE14291B7E3332001289AC /* Project object */;
}
